
Microsoft Visual Studio Solution File, Format Version 12.00
# Visual Studio Version 16
VisualStudioVersion = 16.0.30804.86
MinimumVisualStudioVersion = 10.0.40219.1
Project("{FAE04EC0-301F-11D3-BF4B-00C04F79EFBC}") = "IECPrintServer", "IECPrintServer\IECPrintServer.csproj", "{0E391D3B-0E94-47E9-80B1-14AC26A95ED3}"
EndProject
Global
	GlobalSection(SolutionConfigurationPlatforms) = preSolution
		Debug|Any CPU = Debug|Any CPU
		Release|Any CPU = Release|Any CPU
	EndGlobalSection
	GlobalSection(ProjectConfigurationPlatforms) = postSolution
		{0E391D3B-0E94-47E9-80B1-14AC26A95ED3}.Debug|Any CPU.ActiveCfg = Debug|Any CPU
		{0E391D3B-0E94-47E9-80B1-14AC26A95ED3}.Debug|Any CPU.Build.0 = Debug|Any CPU
		{0E391D3B-0E94-47E9-80B1-14AC26A95ED3}.Release|Any CPU.ActiveCfg = Release|Any CPU
		{0E391D3B-0E94-47E9-80B1-14AC26A95ED3}.Release|Any CPU.Build.0 = Release|Any CPU
	EndGlobalSection
	GlobalSection(SolutionProperties) = preSolution
		HideSolutionNode = FALSE
	EndGlobalSection
	GlobalSection(ExtensibilityGlobals) = postSolution
		SolutionGuid = {FBA9EC10-D4CE-4C2E-B0CE-BDD4CAD56856}
	EndGlobalSection
EndGlobal
